
Microsoft Visual Studio Solution File, Format Version 12.00
# Visual Studio 2015
Project("{FAE04EC0-301F-11D3-BF4B-00C04F79EFBC}") = "Solitaire Chest", "Solitaire Chest.csproj", "{58A20994-3F77-BE1F-1FE8-1F8953EFFBDA}"
EndProject
Global
	GlobalSection(SolutionConfigurationPlatforms) = preSolution
		Debug|Any CPU = Debug|Any CPU
		Release|Any CPU = Release|Any CPU
	EndGlobalSection
	GlobalSection(ProjectConfigurationPlatforms) = postSolution
		{58A20994-3F77-BE1F-1FE8-1F8953EFFBDA}.Debug|Any CPU.ActiveCfg = Debug|Any CPU
		{58A20994-3F77-BE1F-1FE8-1F8953EFFBDA}.Debug|Any CPU.Build.0 = Debug|Any CPU
		{58A20994-3F77-BE1F-1FE8-1F8953EFFBDA}.Release|Any CPU.ActiveCfg = Release|Any CPU
		{58A20994-3F77-BE1F-1FE8-1F8953EFFBDA}.Release|Any CPU.Build.0 = Release|Any CPU
	EndGlobalSection
	GlobalSection(SolutionProperties) = preSolution
		HideSolutionNode = FALSE
	EndGlobalSection
EndGlobal
